
Microsoft Visual Studio Solution File, Format Version 12.00
# Visual Studio Version 17
VisualStudioVersion = 17.0.31903.59
MinimumVisualStudioVersion = 10.0.40219.1
Project("{2150E333-8FDC-42A3-9474-1A3956D46DE8}") = "src", "src", "{93293F8D-1882-40CB-AFA1-0EC29A99F5B0}"
EndProject
Project("{9A19103F-16F7-4668-BE54-9A1E7A4F7556}") = "ApiMutants.PresentationLayer", "src\ApiMutants.PresentationLayer\ApiMutants.PresentationLayer.csproj", "{6B7B1299-0DBF-45E0-88C0-DA5452006293}"
EndProject
Project("{9A19103F-16F7-4668-BE54-9A1E7A4F7556}") = "ApiMutants.Application", "src\ApiMutants.Application\ApiMutants.Application.csproj", "{C033903E-EE57-4CDE-827B-92280B2833FC}"
EndProject
Project("{9A19103F-16F7-4668-BE54-9A1E7A4F7556}") = "ApiMutants.Domain", "src\ApiMutants.Domain\ApiMutants.Domain.csproj", "{B1B139C7-C8AE-4AEC-A1BB-811237EB0D73}"
EndProject
Project("{9A19103F-16F7-4668-BE54-9A1E7A4F7556}") = "ApiMutants.Services", "src\ApiMutants.Services\ApiMutants.Services.csproj", "{DA7AB6CC-D13B-4CD5-969D-2E6D61C22201}"
EndProject
Project("{2150E333-8FDC-42A3-9474-1A3956D46DE8}") = "Tests", "Tests", "{74CBB5AB-C5CA-48D1-84EF-06B85D3B82C1}"
EndProject
Project("{9A19103F-16F7-4668-BE54-9A1E7A4F7556}") = "ApiMutants.Tests", "ApiMutants.Tests\ApiMutants.Tests.csproj", "{7F0E4FBA-4594-438C-80A7-72F811C16709}"
EndProject
Project("{9A19103F-16F7-4668-BE54-9A1E7A4F7556}") = "ApiMutants.Application.Interfaces", "src\ApiMutants.Application.Interfaces\ApiMutants.Application.Interfaces.csproj", "{3ED2445B-FB29-46E3-A63C-8703F18C812D}"
EndProject
Project("{2150E333-8FDC-42A3-9474-1A3956D46DE8}") = "Application", "Application", "{98BF9922-9125-4641-98FA-2EC655850002}"
EndProject
Global
	GlobalSection(SolutionConfigurationPlatforms) = preSolution
		Debug|Any CPU = Debug|Any CPU
		Release|Any CPU = Release|Any CPU
	EndGlobalSection
	GlobalSection(ProjectConfigurationPlatforms) = postSolution
		{6B7B1299-0DBF-45E0-88C0-DA5452006293}.Debug|Any CPU.ActiveCfg = Debug|Any CPU
		{6B7B1299-0DBF-45E0-88C0-DA5452006293}.Debug|Any CPU.Build.0 = Debug|Any CPU
		{6B7B1299-0DBF-45E0-88C0-DA5452006293}.Release|Any CPU.ActiveCfg = Release|Any CPU
		{6B7B1299-0DBF-45E0-88C0-DA5452006293}.Release|Any CPU.Build.0 = Release|Any CPU
		{C033903E-EE57-4CDE-827B-92280B2833FC}.Debug|Any CPU.ActiveCfg = Debug|Any CPU
		{C033903E-EE57-4CDE-827B-92280B2833FC}.Debug|Any CPU.Build.0 = Debug|Any CPU
		{C033903E-EE57-4CDE-827B-92280B2833FC}.Release|Any CPU.ActiveCfg = Release|Any CPU
		{C033903E-EE57-4CDE-827B-92280B2833FC}.Release|Any CPU.Build.0 = Release|Any CPU
		{B1B139C7-C8AE-4AEC-A1BB-811237EB0D73}.Debug|Any CPU.ActiveCfg = Debug|Any CPU
		{B1B139C7-C8AE-4AEC-A1BB-811237EB0D73}.Debug|Any CPU.Build.0 = Debug|Any CPU
		{B1B139C7-C8AE-4AEC-A1BB-811237EB0D73}.Release|Any CPU.ActiveCfg = Release|Any CPU
		{B1B139C7-C8AE-4AEC-A1BB-811237EB0D73}.Release|Any CPU.Build.0 = Release|Any CPU
		{DA7AB6CC-D13B-4CD5-969D-2E6D61C22201}.Debug|Any CPU.ActiveCfg = Debug|Any CPU
		{DA7AB6CC-D13B-4CD5-969D-2E6D61C22201}.Debug|Any CPU.Build.0 = Debug|Any CPU
		{DA7AB6CC-D13B-4CD5-969D-2E6D61C22201}.Release|Any CPU.ActiveCfg = Release|Any CPU
		{DA7AB6CC-D13B-4CD5-969D-2E6D61C22201}.Release|Any CPU.Build.0 = Release|Any CPU
		{7F0E4FBA-4594-438C-80A7-72F811C16709}.Debug|Any CPU.ActiveCfg = Debug|Any CPU
		{7F0E4FBA-4594-438C-80A7-72F811C16709}.Debug|Any CPU.Build.0 = Debug|Any CPU
		{7F0E4FBA-4594-438C-80A7-72F811C16709}.Release|Any CPU.ActiveCfg = Release|Any CPU
		{7F0E4FBA-4594-438C-80A7-72F811C16709}.Release|Any CPU.Build.0 = Release|Any CPU
		{3ED2445B-FB29-46E3-A63C-8703F18C812D}.Debug|Any CPU.ActiveCfg = Debug|Any CPU
		{3ED2445B-FB29-46E3-A63C-8703F18C812D}.Debug|Any CPU.Build.0 = Debug|Any CPU
		{3ED2445B-FB29-46E3-A63C-8703F18C812D}.Release|Any CPU.ActiveCfg = Release|Any CPU
		{3ED2445B-FB29-46E3-A63C-8703F18C812D}.Release|Any CPU.Build.0 = Release|Any CPU
	EndGlobalSection
	GlobalSection(SolutionProperties) = preSolution
		HideSolutionNode = FALSE
	EndGlobalSection
	GlobalSection(NestedProjects) = preSolution
		{6B7B1299-0DBF-45E0-88C0-DA5452006293} = {93293F8D-1882-40CB-AFA1-0EC29A99F5B0}
		{C033903E-EE57-4CDE-827B-92280B2833FC} = {98BF9922-9125-4641-98FA-2EC655850002}
		{B1B139C7-C8AE-4AEC-A1BB-811237EB0D73} = {93293F8D-1882-40CB-AFA1-0EC29A99F5B0}
		{DA7AB6CC-D13B-4CD5-969D-2E6D61C22201} = {93293F8D-1882-40CB-AFA1-0EC29A99F5B0}
		{7F0E4FBA-4594-438C-80A7-72F811C16709} = {74CBB5AB-C5CA-48D1-84EF-06B85D3B82C1}
		{3ED2445B-FB29-46E3-A63C-8703F18C812D} = {98BF9922-9125-4641-98FA-2EC655850002}
		{98BF9922-9125-4641-98FA-2EC655850002} = {93293F8D-1882-40CB-AFA1-0EC29A99F5B0}
	EndGlobalSection
EndGlobal
