
Microsoft Visual Studio Solution File, Format Version 12.00
# Visual Studio Version 17
VisualStudioVersion = 17.11.35303.130
MinimumVisualStudioVersion = 10.0.40219.1
Project("{9A19103F-16F7-4668-BE54-9A1E7A4F7556}") = "ApiMutants", "ApiMutants.csproj", "{ACD227A8-01D9-469A-BFB5-17900E544C4F}"
EndProject
Project("{2150E333-8FDC-42A3-9474-1A3956D46DE8}") = "Application", "Application", "{6F37CE67-C930-443F-B198-D22481674B6F}"
EndProject
Project("{2150E333-8FDC-42A3-9474-1A3956D46DE8}") = "Domain", "Domain", "{C5BCB3D9-136C-48FB-B233-CD07C4D2DEF1}"
EndProject
Project("{9A19103F-16F7-4668-BE54-9A1E7A4F7556}") = "ApiMutants.Application", "src\ApiMutants.Application\ApiMutants.Application.csproj", "{E8663ACB-1C6E-4CF9-9573-2A3B60ED99F1}"
EndProject
Project("{9A19103F-16F7-4668-BE54-9A1E7A4F7556}") = "ApiMutants.Application.Interfaces", "src\ApiMutants.Application.Interfaces\ApiMutants.Application.Interfaces.csproj", "{93868271-F121-4278-8534-B01B84F5A111}"
EndProject
Project("{2150E333-8FDC-42A3-9474-1A3956D46DE8}") = "PresentationLayer", "PresentationLayer", "{220C0CBD-E3D2-44DE-9318-C8DC956FE18F}"
EndProject
Project("{2150E333-8FDC-42A3-9474-1A3956D46DE8}") = "Services", "Services", "{9021749E-6CBA-4027-BDB0-951B4940AEC6}"
EndProject
Project("{9A19103F-16F7-4668-BE54-9A1E7A4F7556}") = "ApiMutants.Services", "src\ApiMutants.Services\ApiMutants.Services.csproj", "{DFCE8254-99C4-4328-879B-2922CB432DC8}"
EndProject
Project("{9A19103F-16F7-4668-BE54-9A1E7A4F7556}") = "ApiMutants.Domain", "src\ApiMutants.Domain\ApiMutants.Domain.csproj", "{8E04BFBB-CF9C-4038-A724-D7011EEADCD5}"
EndProject
Project("{2150E333-8FDC-42A3-9474-1A3956D46DE8}") = "Tests", "Tests", "{955931A7-1F2E-41B0-9BA4-3209A6230A6A}"
EndProject
Project("{FAE04EC0-301F-11D3-BF4B-00C04F79EFBC}") = "ApiMutants.Tests", "ApiMutants.Tests\ApiMutants.Tests.csproj", "{9BF94C66-BF6C-4AED-A67E-83FE159F0637}"
EndProject
Global
	GlobalSection(SolutionConfigurationPlatforms) = preSolution
		Debug|Any CPU = Debug|Any CPU
		Release|Any CPU = Release|Any CPU
	EndGlobalSection
	GlobalSection(ProjectConfigurationPlatforms) = postSolution
		{ACD227A8-01D9-469A-BFB5-17900E544C4F}.Debug|Any CPU.ActiveCfg = Debug|Any CPU
		{ACD227A8-01D9-469A-BFB5-17900E544C4F}.Debug|Any CPU.Build.0 = Debug|Any CPU
		{ACD227A8-01D9-469A-BFB5-17900E544C4F}.Release|Any CPU.ActiveCfg = Release|Any CPU
		{ACD227A8-01D9-469A-BFB5-17900E544C4F}.Release|Any CPU.Build.0 = Release|Any CPU
		{E8663ACB-1C6E-4CF9-9573-2A3B60ED99F1}.Debug|Any CPU.ActiveCfg = Debug|Any CPU
		{E8663ACB-1C6E-4CF9-9573-2A3B60ED99F1}.Debug|Any CPU.Build.0 = Debug|Any CPU
		{E8663ACB-1C6E-4CF9-9573-2A3B60ED99F1}.Release|Any CPU.ActiveCfg = Release|Any CPU
		{E8663ACB-1C6E-4CF9-9573-2A3B60ED99F1}.Release|Any CPU.Build.0 = Release|Any CPU
		{93868271-F121-4278-8534-B01B84F5A111}.Debug|Any CPU.ActiveCfg = Debug|Any CPU
		{93868271-F121-4278-8534-B01B84F5A111}.Debug|Any CPU.Build.0 = Debug|Any CPU
		{93868271-F121-4278-8534-B01B84F5A111}.Release|Any CPU.ActiveCfg = Release|Any CPU
		{93868271-F121-4278-8534-B01B84F5A111}.Release|Any CPU.Build.0 = Release|Any CPU
		{DFCE8254-99C4-4328-879B-2922CB432DC8}.Debug|Any CPU.ActiveCfg = Debug|Any CPU
		{DFCE8254-99C4-4328-879B-2922CB432DC8}.Debug|Any CPU.Build.0 = Debug|Any CPU
		{DFCE8254-99C4-4328-879B-2922CB432DC8}.Release|Any CPU.ActiveCfg = Release|Any CPU
		{DFCE8254-99C4-4328-879B-2922CB432DC8}.Release|Any CPU.Build.0 = Release|Any CPU
		{8E04BFBB-CF9C-4038-A724-D7011EEADCD5}.Debug|Any CPU.ActiveCfg = Debug|Any CPU
		{8E04BFBB-CF9C-4038-A724-D7011EEADCD5}.Debug|Any CPU.Build.0 = Debug|Any CPU
		{8E04BFBB-CF9C-4038-A724-D7011EEADCD5}.Release|Any CPU.ActiveCfg = Release|Any CPU
		{8E04BFBB-CF9C-4038-A724-D7011EEADCD5}.Release|Any CPU.Build.0 = Release|Any CPU
		{9BF94C66-BF6C-4AED-A67E-83FE159F0637}.Debug|Any CPU.ActiveCfg = Debug|Any CPU
		{9BF94C66-BF6C-4AED-A67E-83FE159F0637}.Debug|Any CPU.Build.0 = Debug|Any CPU
		{9BF94C66-BF6C-4AED-A67E-83FE159F0637}.Release|Any CPU.ActiveCfg = Release|Any CPU
		{9BF94C66-BF6C-4AED-A67E-83FE159F0637}.Release|Any CPU.Build.0 = Release|Any CPU
	EndGlobalSection
	GlobalSection(SolutionProperties) = preSolution
		HideSolutionNode = FALSE
	EndGlobalSection
	GlobalSection(NestedProjects) = preSolution
		{ACD227A8-01D9-469A-BFB5-17900E544C4F} = {220C0CBD-E3D2-44DE-9318-C8DC956FE18F}
		{E8663ACB-1C6E-4CF9-9573-2A3B60ED99F1} = {6F37CE67-C930-443F-B198-D22481674B6F}
		{93868271-F121-4278-8534-B01B84F5A111} = {6F37CE67-C930-443F-B198-D22481674B6F}
		{DFCE8254-99C4-4328-879B-2922CB432DC8} = {9021749E-6CBA-4027-BDB0-951B4940AEC6}
		{8E04BFBB-CF9C-4038-A724-D7011EEADCD5} = {C5BCB3D9-136C-48FB-B233-CD07C4D2DEF1}
		{9BF94C66-BF6C-4AED-A67E-83FE159F0637} = {955931A7-1F2E-41B0-9BA4-3209A6230A6A}
	EndGlobalSection
	GlobalSection(ExtensibilityGlobals) = postSolution
		SolutionGuid = {7CF63768-649C-4E75-8282-3898C662F115}
	EndGlobalSection
EndGlobal
